# This file is automatically @generated by Cargo.
# It is not intended for manual editing.
[[package]]
name = "cc"
version = "1.0.58"
source = "registry+https://github.com/rust-lang/crates.io-index"
checksum = "f9a06fb2e53271d7c279ec1efea6ab691c35a2ae67ec0d91d7acec0caf13b518"

[[package]]
name = "cmake"
version = "0.1.44"
source = "registry+https://github.com/rust-lang/crates.io-index"
checksum = "0e56268c17a6248366d66d4a47a3381369d068cce8409bb1716ed77ea32163bb"
dependencies = [
 "cc",
]

[[package]]
name = "fltk"
version = "0.7.24"
source = "registry+https://github.com/rust-lang/crates.io-index"
checksum = "73ef2882df1638c03aac179c879f884d70d4925fa177dbc038735c22d0a327b9"
dependencies = [
 "fltk-derive",
 "fltk-sys",
]

[[package]]
name = "fltk-derive"
version = "0.7.24"
source = "registry+https://github.com/rust-lang/crates.io-index"
checksum = "965e2d3dff757c5aad28763a5aa334240037cf914424f7a0d2c3f641644c37e9"
dependencies = [
 "quote",
 "syn",
]

[[package]]
name = "fltk-sys"
version = "0.7.24"
source = "registry+https://github.com/rust-lang/crates.io-index"
checksum = "77cf595f9e1f0999bbc570fb0006c47e8b646263156e3bd93a988879e3eebab7"
dependencies = [
 "cmake",
]

[[package]]
name = "proc-macro2"
version = "1.0.19"
source = "registry+https://github.com/rust-lang/crates.io-index"
checksum = "04f5f085b5d71e2188cb8271e5da0161ad52c3f227a661a3c135fdf28e258b12"
dependencies = [
 "unicode-xid",
]

[[package]]
name = "quote"
version = "1.0.7"
source = "registry+https://github.com/rust-lang/crates.io-index"
checksum = "aa563d17ecb180e500da1cfd2b028310ac758de548efdd203e18f283af693f37"
dependencies = [
 "proc-macro2",
]

[[package]]
name = "rust_filecrawler_fltk"
version = "0.1.0"
dependencies = [
 "fltk",
]

[[package]]
name = "syn"
version = "1.0.36"
source = "registry+https://github.com/rust-lang/crates.io-index"
checksum = "4cdb98bcb1f9d81d07b536179c269ea15999b5d14ea958196413869445bb5250"
dependencies = [
 "proc-macro2",
 "quote",
 "unicode-xid",
]

[[package]]
name = "unicode-xid"
version = "0.2.1"
source = "registry+https://github.com/rust-lang/crates.io-index"
checksum = "f7fe0bb3479651439c9112f72b6c505038574c9fbb575ed1bf3b797fa39dd564"
